
Microsoft Visual Studio Solution File, Format Version 12.00
# Visual Studio Version 17
VisualStudioVersion = 17.9.34728.123
MinimumVisualStudioVersion = 10.0.40219.1
Project("{FAE04EC0-301F-11D3-BF4B-00C04F79EFBC}") = "client", "client\client.csproj", "{64045E4B-59B6-423B-AB51-0A915BF95837}"
EndProject
Global
	GlobalSection(SolutionConfigurationPlatforms) = preSolution
		Debug|Any CPU = Debug|Any CPU
		Release|Any CPU = Release|Any CPU
	EndGlobalSection
	GlobalSection(ProjectConfigurationPlatforms) = postSolution
		{64045E4B-59B6-423B-AB51-0A915BF95837}.Debug|Any CPU.ActiveCfg = Debug|Any CPU
		{64045E4B-59B6-423B-AB51-0A915BF95837}.Debug|Any CPU.Build.0 = Debug|Any CPU
		{64045E4B-59B6-423B-AB51-0A915BF95837}.Release|Any CPU.ActiveCfg = Release|Any CPU
		{64045E4B-59B6-423B-AB51-0A915BF95837}.Release|Any CPU.Build.0 = Release|Any CPU
	EndGlobalSection
	GlobalSection(SolutionProperties) = preSolution
		HideSolutionNode = FALSE
	EndGlobalSection
	GlobalSection(ExtensibilityGlobals) = postSolution
		SolutionGuid = {4B614E80-28D2-49F8-B8A3-7BF41F969404}
	EndGlobalSection
EndGlobal
